
Microsoft Visual Studio Solution File, Format Version 12.00
# Visual Studio Version 16
VisualStudioVersion = 16.0.31624.102
MinimumVisualStudioVersion = 10.0.40219.1
Project("{FAE04EC0-301F-11D3-BF4B-00C04F79EFBC}") = "QuanLyThuVien", "QuanLyThuVien\QuanLyThuVien.csproj", "{F9F2D7B6-3CC5-4429-9781-8F8159D2ADB2}"
EndProject
Global
	GlobalSection(SolutionConfigurationPlatforms) = preSolution
		Debug|Any CPU = Debug|Any CPU
		Release|Any CPU = Release|Any CPU
	EndGlobalSection
	GlobalSection(ProjectConfigurationPlatforms) = postSolution
		{F9F2D7B6-3CC5-4429-9781-8F8159D2ADB2}.Debug|Any CPU.ActiveCfg = Debug|Any CPU
		{F9F2D7B6-3CC5-4429-9781-8F8159D2ADB2}.Debug|Any CPU.Build.0 = Debug|Any CPU
		{F9F2D7B6-3CC5-4429-9781-8F8159D2ADB2}.Release|Any CPU.ActiveCfg = Release|Any CPU
		{F9F2D7B6-3CC5-4429-9781-8F8159D2ADB2}.Release|Any CPU.Build.0 = Release|Any CPU
	EndGlobalSection
	GlobalSection(SolutionProperties) = preSolution
		HideSolutionNode = FALSE
	EndGlobalSection
	GlobalSection(ExtensibilityGlobals) = postSolution
		SolutionGuid = {0B35EA1D-86D8-4690-90AF-80D6FB85A9E3}
	EndGlobalSection
EndGlobal
